// !$*UTF8*$!
{
	archiveVersion = 1;
	classes = {
	};
	objectVersion = 46;
	objects = {

/* Begin PBXBuildFile section */
		B3F213FB17E50AD500ED5F22 /* main.cpp in Sources */ = {isa = PBXBuildFile; fileRef = B3F213FA17E50AD500ED5F22 /* main.cpp */; };
		B3F2141017E50AF200ED5F22 /* BoardWriter.cpp in Sources */ = {isa = PBXBuildFile; fileRef = B3F2140417E50AF200ED5F22 /* BoardWriter.cpp */; };
		B3F2141117E50AF200ED5F22 /* BoardWriterConsole.cpp in Sources */ = {isa = PBXBuildFile; fileRef = B3F2140617E50AF200ED5F22 /* BoardWriterConsole.cpp */; };
		B3F2141217E50AF200ED5F22 /* ConsoleSupport.cpp in Sources */ = {isa = PBXBuildFile; fileRef = B3F2140817E50AF200ED5F22 /* ConsoleSupport.cpp */; };
		B3F2141317E50AF200ED5F22 /* CursorPosition.cpp in Sources */ = {isa = PBXBuildFile; fileRef = B3F2140A17E50AF200ED5F22 /* CursorPosition.cpp */; };
		B3F2141417E50AF200ED5F22 /* InputSource.cpp in Sources */ = {isa = PBXBuildFile; fileRef = B3F2140C17E50AF200ED5F22 /* InputSource.cpp */; };
		B3F2141517E50AF200ED5F22 /* InputSourceKeyboard.cpp in Sources */ = {isa = PBXBuildFile; fileRef = B3F2140E17E50AF200ED5F22 /* InputSourceKeyboard.cpp */; };
		B3F2141717E50B0500ED5F22 /* libncurses.dylib in Frameworks */ = {isa = PBXBuildFile; fileRef = B3F2141617E50B0500ED5F22 /* libncurses.dylib */; };
/* End PBXBuildFile section */

/* Begin PBXCopyFilesBuildPhase section */
		B3F213F517E50AD500ED5F22 /* CopyFiles */ = {
			isa = PBXCopyFilesBuildPhase;
			buildActionMask = 2147483647;
			dstPath = /usr/share/man/man1/;
			dstSubfolderSpec = 0;
			files = (
			);
			runOnlyForDeploymentPostprocessing = 1;
		};
/* End PBXCopyFilesBuildPhase section */

/* Begin PBXFileReference section */
		B3F213F717E50AD500ED5F22 /* Homework 2 */ = {isa = PBXFileReference; explicitFileType = "compiled.mach-o.executable"; includeInIndex = 0; path = "Homework 2"; sourceTree = BUILT_PRODUCTS_DIR; };
		B3F213FA17E50AD500ED5F22 /* main.cpp */ = {isa = PBXFileReference; lastKnownFileType = sourcecode.cpp.cpp; path = main.cpp; sourceTree = "<group>"; };
		B3F2140317E50AF200ED5F22 /* BoardTypes.h */ = {isa = PBXFileReference; fileEncoding = 4; lastKnownFileType = sourcecode.c.h; path = BoardTypes.h; sourceTree = "<group>"; };
		B3F2140417E50AF200ED5F22 /* BoardWriter.cpp */ = {isa = PBXFileReference; fileEncoding = 4; lastKnownFileType = sourcecode.cpp.cpp; path = BoardWriter.cpp; sourceTree = "<group>"; };
		B3F2140517E50AF200ED5F22 /* BoardWriter.h */ = {isa = PBXFileReference; fileEncoding = 4; lastKnownFileType = sourcecode.c.h; path = BoardWriter.h; sourceTree = "<group>"; };
		B3F2140617E50AF200ED5F22 /* BoardWriterConsole.cpp */ = {isa = PBXFileReference; fileEncoding = 4; lastKnownFileType = sourcecode.cpp.cpp; path = BoardWriterConsole.cpp; sourceTree = "<group>"; };
		B3F2140717E50AF200ED5F22 /* BoardWriterConsole.h */ = {isa = PBXFileReference; fileEncoding = 4; lastKnownFileType = sourcecode.c.h; path = BoardWriterConsole.h; sourceTree = "<group>"; };
		B3F2140817E50AF200ED5F22 /* ConsoleSupport.cpp */ = {isa = PBXFileReference; fileEncoding = 4; lastKnownFileType = sourcecode.cpp.cpp; path = ConsoleSupport.cpp; sourceTree = "<group>"; };
		B3F2140917E50AF200ED5F22 /* ConsoleSupport.h */ = {isa = PBXFileReference; fileEncoding = 4; lastKnownFileType = sourcecode.c.h; path = ConsoleSupport.h; sourceTree = "<group>"; };
		B3F2140A17E50AF200ED5F22 /* CursorPosition.cpp */ = {isa = PBXFileReference; fileEncoding = 4; lastKnownFileType = sourcecode.cpp.cpp; path = CursorPosition.cpp; sourceTree = "<group>"; };
		B3F2140B17E50AF200ED5F22 /* CursorPosition.h */ = {isa = PBXFileReference; fileEncoding = 4; lastKnownFileType = sourcecode.c.h; path = CursorPosition.h; sourceTree = "<group>"; };
		B3F2140C17E50AF200ED5F22 /* InputSource.cpp */ = {isa = PBXFileReference; fileEncoding = 4; lastKnownFileType = sourcecode.cpp.cpp; path = InputSource.cpp; sourceTree = "<group>"; };
		B3F2140D17E50AF200ED5F22 /* InputSource.h */ = {isa = PBXFileReference; fileEncoding = 4; lastKnownFileType = sourcecode.c.h; path = InputSource.h; sourceTree = "<group>"; };
		B3F2140E17E50AF200ED5F22 /* InputSourceKeyboard.cpp */ = {isa = PBXFileReference; fileEncoding = 4; lastKnownFileType = sourcecode.cpp.cpp; path = InputSourceKeyboard.cpp; sourceTree = "<group>"; };
		B3F2140F17E50AF200ED5F22 /* InputSourceKeyboard.h */ = {isa = PBXFileReference; fileEncoding = 4; lastKnownFileType = sourcecode.c.h; path = InputSourceKeyboard.h; sourceTree = "<group>"; };
		B3F2141617E50B0500ED5F22 /* libncurses.dylib */ = {isa = PBXFileReference; lastKnownFileType = "compiled.mach-o.dylib"; name = libncurses.dylib; path = usr/lib/libncurses.dylib; sourceTree = SDKROOT; };
/* End PBXFileReference section */

/* Begin PBXFrameworksBuildPhase section */
		B3F213F417E50AD500ED5F22 /* Frameworks */ = {
			isa = PBXFrameworksBuildPhase;
			buildActionMask = 2147483647;
			files = (
				B3F2141717E50B0500ED5F22 /* libncurses.dylib in Frameworks */,
			);
			runOnlyForDeploymentPostprocessing = 0;
		};
/* End PBXFrameworksBuildPhase section */

/* Begin PBXGroup section */
		B3F213EE17E50AD500ED5F22 = {
			isa = PBXGroup;
			children = (
				B3F2141617E50B0500ED5F22 /* libncurses.dylib */,
				B3F213F917E50AD500ED5F22 /* Homework 2 */,
				B3F213F817E50AD500ED5F22 /* Products */,
			);
			sourceTree = "<group>";
		};
		B3F213F817E50AD500ED5F22 /* Products */ = {
			isa = PBXGroup;
			children = (
				B3F213F717E50AD500ED5F22 /* Homework 2 */,
			);
			name = Products;
			sourceTree = "<group>";
		};
		B3F213F917E50AD500ED5F22 /* Homework 2 */ = {
			isa = PBXGroup;
			children = (
				B3F213FA17E50AD500ED5F22 /* main.cpp */,
				B3F2140317E50AF200ED5F22 /* BoardTypes.h */,
				B3F2140417E50AF200ED5F22 /* BoardWriter.cpp */,
				B3F2140517E50AF200ED5F22 /* BoardWriter.h */,
				B3F2140617E50AF200ED5F22 /* BoardWriterConsole.cpp */,
				B3F2140717E50AF200ED5F22 /* BoardWriterConsole.h */,
				B3F2140817E50AF200ED5F22 /* ConsoleSupport.cpp */,
				B3F2140917E50AF200ED5F22 /* ConsoleSupport.h */,
				B3F2140A17E50AF200ED5F22 /* CursorPosition.cpp */,
				B3F2140B17E50AF200ED5F22 /* CursorPosition.h */,
				B3F2140C17E50AF200ED5F22 /* InputSource.cpp */,
				B3F2140D17E50AF200ED5F22 /* InputSource.h */,
				B3F2140E17E50AF200ED5F22 /* InputSourceKeyboard.cpp */,
				B3F2140F17E50AF200ED5F22 /* InputSourceKeyboard.h */,
			);
			path = "Homework 2";
			sourceTree = "<group>";
		};
/* End PBXGroup section */

/* Begin PBXNativeTarget section */
		B3F213F617E50AD500ED5F22 /* Homework 2 */ = {
			isa = PBXNativeTarget;
			buildConfigurationList = B3F2140017E50AD500ED5F22 /* Build configuration list for PBXNativeTarget "Homework 2" */;
			buildPhases = (
				B3F213F317E50AD500ED5F22 /* Sources */,
				B3F213F417E50AD500ED5F22 /* Frameworks */,
				B3F213F517E50AD500ED5F22 /* CopyFiles */,
			);
			buildRules = (
			);
			dependencies = (
			);
			name = "Homework 2";
			productName = "Homework 2";
			productReference = B3F213F717E50AD500ED5F22 /* Homework 2 */;
			productType = "com.apple.product-type.tool";
		};
/* End PBXNativeTarget section */

/* Begin PBXProject section */
		B3F213EF17E50AD500ED5F22 /* Project object */ = {
			isa = PBXProject;
			attributes = {
				LastUpgradeCheck = 0500;
				ORGANIZATIONNAME = "James Savage <me@axiixc.com>";
			};
			buildConfigurationList = B3F213F217E50AD500ED5F22 /* Build configuration list for PBXProject "Homework 2" */;
			compatibilityVersion = "Xcode 3.2";
			developmentRegion = English;
			hasScannedForEncodings = 0;
			knownRegions = (
				en,
			);
			mainGroup = B3F213EE17E50AD500ED5F22;
			productRefGroup = B3F213F817E50AD500ED5F22 /* Products */;
			projectDirPath = "";
			projectRoot = "";
			targets = (
				B3F213F617E50AD500ED5F22 /* Homework 2 */,
			);
		};
/* End PBXProject section */

/* Begin PBXSourcesBuildPhase section */
		B3F213F317E50AD500ED5F22 /* Sources */ = {
			isa = PBXSourcesBuildPhase;
			buildActionMask = 2147483647;
			files = (
				B3F2141117E50AF200ED5F22 /* BoardWriterConsole.cpp in Sources */,
				B3F2141517E50AF200ED5F22 /* InputSourceKeyboard.cpp in Sources */,
				B3F213FB17E50AD500ED5F22 /* main.cpp in Sources */,
				B3F2141317E50AF200ED5F22 /* CursorPosition.cpp in Sources */,
				B3F2141417E50AF200ED5F22 /* InputSource.cpp in Sources */,
				B3F2141017E50AF200ED5F22 /* BoardWriter.cpp in Sources */,
				B3F2141217E50AF200ED5F22 /* ConsoleSupport.cpp in Sources */,
			);
			runOnlyForDeploymentPostprocessing = 0;
		};
/* End PBXSourcesBuildPhase section */

/* Begin XCBuildConfiguration section */
		B3F213FE17E50AD500ED5F22 /* Debug */ = {
			isa = XCBuildConfiguration;
			buildSettings = {
				ALWAYS_SEARCH_USER_PATHS = NO;
				CLANG_CXX_LANGUAGE_STANDARD = "gnu++0x";
				CLANG_CXX_LIBRARY = "libc++";
				CLANG_ENABLE_OBJC_ARC = YES;
				CLANG_WARN_BOOL_CONVERSION = YES;
				CLANG_WARN_CONSTANT_CONVERSION = YES;
				CLANG_WARN_DIRECT_OBJC_ISA_USAGE = YES_ERROR;
				CLANG_WARN_EMPTY_BODY = YES;
				CLANG_WARN_ENUM_CONVERSION = YES;
				CLANG_WARN_INT_CONVERSION = YES;
				CLANG_WARN_OBJC_ROOT_CLASS = YES_ERROR;
				CLANG_WARN__DUPLICATE_METHOD_MATCH = YES;
				COPY_PHASE_STRIP = NO;
				GCC_C_LANGUAGE_STANDARD = gnu99;
				GCC_DYNAMIC_NO_PIC = NO;
				GCC_ENABLE_OBJC_EXCEPTIONS = YES;
				GCC_OPTIMIZATION_LEVEL = 0;
				GCC_PREPROCESSOR_DEFINITIONS = (
					"DEBUG=1",
					"$(inherited)",
				);
				GCC_SYMBOLS_PRIVATE_EXTERN = NO;
				GCC_WARN_64_TO_32_BIT_CONVERSION = YES;
				GCC_WARN_ABOUT_RETURN_TYPE = YES_ERROR;
				GCC_WARN_UNDECLARED_SELECTOR = YES;
				GCC_WARN_UNINITIALIZED_AUTOS = YES;
				GCC_WARN_UNUSED_FUNCTION = YES;
				GCC_WARN_UNUSED_VARIABLE = YES;
				MACOSX_DEPLOYMENT_TARGET = 10.9;
				ONLY_ACTIVE_ARCH = YES;
				SDKROOT = macosx;
			};
			name = Debug;
		};
		B3F213FF17E50AD500ED5F22 /* Release */ = {
			isa = XCBuildConfiguration;
			buildSettings = {
				ALWAYS_SEARCH_USER_PATHS = NO;
				CLANG_CXX_LANGUAGE_STANDARD = "gnu++0x";
				CLANG_CXX_LIBRARY = "libc++";
				CLANG_ENABLE_OBJC_ARC = YES;
				CLANG_WARN_BOOL_CONVERSION = YES;
				CLANG_WARN_CONSTANT_CONVERSION = YES;
				CLANG_WARN_DIRECT_OBJC_ISA_USAGE = YES_ERROR;
				CLANG_WARN_EMPTY_BODY = YES;
				CLANG_WARN_ENUM_CONVERSION = YES;
				CLANG_WARN_INT_CONVERSION = YES;
				CLANG_WARN_OBJC_ROOT_CLASS = YES_ERROR;
				CLANG_WARN__DUPLICATE_METHOD_MATCH = YES;
				COPY_PHASE_STRIP = YES;
				DEBUG_INFORMATION_FORMAT = "dwarf-with-dsym";
				ENABLE_NS_ASSERTIONS = NO;
				GCC_C_LANGUAGE_STANDARD = gnu99;
				GCC_ENABLE_OBJC_EXCEPTIONS = YES;
				GCC_WARN_64_TO_32_BIT_CONVERSION = YES;
				GCC_WARN_ABOUT_RETURN_TYPE = YES_ERROR;
				GCC_WARN_UNDECLARED_SELECTOR = YES;
				GCC_WARN_UNINITIALIZED_AUTOS = YES;
				GCC_WARN_UNUSED_FUNCTION = YES;
				GCC_WARN_UNUSED_VARIABLE = YES;
				MACOSX_DEPLOYMENT_TARGET = 10.9;
				SDKROOT = macosx;
			};
			name = Release;
		};
		B3F2140117E50AD500ED5F22 /* Debug */ = {
			isa = XCBuildConfiguration;
			buildSettings = {
				PRODUCT_NAME = "$(TARGET_NAME)";
			};
			name = Debug;
		};
		B3F2140217E50AD500ED5F22 /* Release */ = {
			isa = XCBuildConfiguration;
			buildSettings = {
				PRODUCT_NAME = "$(TARGET_NAME)";
			};
			name = Release;
		};
/* End XCBuildConfiguration section */

/* Begin XCConfigurationList section */
		B3F213F217E50AD500ED5F22 /* Build configuration list for PBXProject "Homework 2" */ = {
			isa = XCConfigurationList;
			buildConfigurations = (
				B3F213FE17E50AD500ED5F22 /* Debug */,
				B3F213FF17E50AD500ED5F22 /* Release */,
			);
			defaultConfigurationIsVisible = 0;
			defaultConfigurationName = Release;
		};
		B3F2140017E50AD500ED5F22 /* Build configuration list for PBXNativeTarget "Homework 2" */ = {
			isa = XCConfigurationList;
			buildConfigurations = (
				B3F2140117E50AD500ED5F22 /* Debug */,
				B3F2140217E50AD500ED5F22 /* Release */,
			);
			defaultConfigurationIsVisible = 0;
			defaultConfigurationName = Release;
		};
/* End XCConfigurationList section */
	};
	rootObject = B3F213EF17E50AD500ED5F22 /* Project object */;
}
